// !$*UTF8*$!
{
	archiveVersion = 1;
	classes = {
	};
	objectVersion = 55;
	objects = {

/* Begin PBXBuildFile section */
		C30D666C27587EFE007E7FE7 /* AppDelegate.swift in Sources */ = {isa = PBXBuildFile; fileRef = C30D666B27587EFE007E7FE7 /* AppDelegate.swift */; };
		C30D666E27587EFE007E7FE7 /* SceneDelegate.swift in Sources */ = {isa = PBXBuildFile; fileRef = C30D666D27587EFE007E7FE7 /* SceneDelegate.swift */; };
		C30D667027587EFE007E7FE7 /* ViewController.swift in Sources */ = {isa = PBXBuildFile; fileRef = C30D666F27587EFE007E7FE7 /* ViewController.swift */; };
		C30D667327587EFE007E7FE7 /* Main.storyboard in Resources */ = {isa = PBXBuildFile; fileRef = C30D667127587EFE007E7FE7 /* Main.storyboard */; };
		C30D667527587F02007E7FE7 /* Assets.xcassets in Resources */ = {isa = PBXBuildFile; fileRef = C30D667427587F02007E7FE7 /* Assets.xcassets */; };
		C30D667827587F02007E7FE7 /* LaunchScreen.storyboard in Resources */ = {isa = PBXBuildFile; fileRef = C30D667627587F02007E7FE7 /* LaunchScreen.storyboard */; };
		C30D66802758800E007E7FE7 /* PhotosCollectionViewController.swift in Sources */ = {isa = PBXBuildFile; fileRef = C30D667F2758800E007E7FE7 /* PhotosCollectionViewController.swift */; };
		C30D66842758870A007E7FE7 /* PhotosCollectionViewCell.swift in Sources */ = {isa = PBXBuildFile; fileRef = C30D66832758870A007E7FE7 /* PhotosCollectionViewCell.swift */; };
		C30D6686275895B7007E7FE7 /* FilterService.swift in Sources */ = {isa = PBXBuildFile; fileRef = C30D6685275895B7007E7FE7 /* FilterService.swift */; };
		F8F7112997D9FD0A18074A4C /* Pods_CameraFilter.framework in Frameworks */ = {isa = PBXBuildFile; fileRef = D19A5033C6FDF1A732242D9C /* Pods_CameraFilter.framework */; };
/* End PBXBuildFile section */

/* Begin PBXFileReference section */
		BA571313B736ECCEF83FC3AE /* Pods-CameraFilter.release.xcconfig */ = {isa = PBXFileReference; includeInIndex = 1; lastKnownFileType = text.xcconfig; name = "Pods-CameraFilter.release.xcconfig"; path = "Target Support Files/Pods-CameraFilter/Pods-CameraFilter.release.xcconfig"; sourceTree = "<group>"; };
		C30D666827587EFE007E7FE7 /* CameraFilter.app */ = {isa = PBXFileReference; explicitFileType = wrapper.application; includeInIndex = 0; path = CameraFilter.app; sourceTree = BUILT_PRODUCTS_DIR; };
		C30D666B27587EFE007E7FE7 /* AppDelegate.swift */ = {isa = PBXFileReference; lastKnownFileType = sourcecode.swift; path = AppDelegate.swift; sourceTree = "<group>"; };
		C30D666D27587EFE007E7FE7 /* SceneDelegate.swift */ = {isa = PBXFileReference; lastKnownFileType = sourcecode.swift; path = SceneDelegate.swift; sourceTree = "<group>"; };
		C30D666F27587EFE007E7FE7 /* ViewController.swift */ = {isa = PBXFileReference; lastKnownFileType = sourcecode.swift; path = ViewController.swift; sourceTree = "<group>"; };
		C30D667227587EFE007E7FE7 /* Base */ = {isa = PBXFileReference; lastKnownFileType = file.storyboard; name = Base; path = Base.lproj/Main.storyboard; sourceTree = "<group>"; };
		C30D667427587F02007E7FE7 /* Assets.xcassets */ = {isa = PBXFileReference; lastKnownFileType = folder.assetcatalog; path = Assets.xcassets; sourceTree = "<group>"; };
		C30D667727587F02007E7FE7 /* Base */ = {isa = PBXFileReference; lastKnownFileType = file.storyboard; name = Base; path = Base.lproj/LaunchScreen.storyboard; sourceTree = "<group>"; };
		C30D667927587F02007E7FE7 /* Info.plist */ = {isa = PBXFileReference; lastKnownFileType = text.plist.xml; path = Info.plist; sourceTree = "<group>"; };
		C30D667F2758800E007E7FE7 /* PhotosCollectionViewController.swift */ = {isa = PBXFileReference; lastKnownFileType = sourcecode.swift; path = PhotosCollectionViewController.swift; sourceTree = "<group>"; };
		C30D66832758870A007E7FE7 /* PhotosCollectionViewCell.swift */ = {isa = PBXFileReference; lastKnownFileType = sourcecode.swift; path = PhotosCollectionViewCell.swift; sourceTree = "<group>"; };
		C30D6685275895B7007E7FE7 /* FilterService.swift */ = {isa = PBXFileReference; lastKnownFileType = sourcecode.swift; path = FilterService.swift; sourceTree = "<group>"; };
		D19A5033C6FDF1A732242D9C /* Pods_CameraFilter.framework */ = {isa = PBXFileReference; explicitFileType = wrapper.framework; includeInIndex = 0; path = Pods_CameraFilter.framework; sourceTree = BUILT_PRODUCTS_DIR; };
		DDE4DE7006163E172A2B4070 /* Pods-CameraFilter.debug.xcconfig */ = {isa = PBXFileReference; includeInIndex = 1; lastKnownFileType = text.xcconfig; name = "Pods-CameraFilter.debug.xcconfig"; path = "Target Support Files/Pods-CameraFilter/Pods-CameraFilter.debug.xcconfig"; sourceTree = "<group>"; };
/* End PBXFileReference section */

/* Begin PBXFrameworksBuildPhase section */
		C30D666527587EFE007E7FE7 /* Frameworks */ = {
			isa = PBXFrameworksBuildPhase;
			buildActionMask = 2147483647;
			files = (
				F8F7112997D9FD0A18074A4C /* Pods_CameraFilter.framework in Frameworks */,
			);
			runOnlyForDeploymentPostprocessing = 0;
		};
/* End PBXFrameworksBuildPhase section */

/* Begin PBXGroup section */
		5573C7B660C9783AF5666F06 /* Frameworks */ = {
			isa = PBXGroup;
			children = (
				D19A5033C6FDF1A732242D9C /* Pods_CameraFilter.framework */,
			);
			name = Frameworks;
			sourceTree = "<group>";
		};
		A684FBB23856ADA5E5050400 /* Pods */ = {
			isa = PBXGroup;
			children = (
				DDE4DE7006163E172A2B4070 /* Pods-CameraFilter.debug.xcconfig */,
				BA571313B736ECCEF83FC3AE /* Pods-CameraFilter.release.xcconfig */,
			);
			path = Pods;
			sourceTree = "<group>";
		};
		C30D665F27587EFE007E7FE7 = {
			isa = PBXGroup;
			children = (
				C30D666A27587EFE007E7FE7 /* CameraFilter */,
				C30D666927587EFE007E7FE7 /* Products */,
				A684FBB23856ADA5E5050400 /* Pods */,
				5573C7B660C9783AF5666F06 /* Frameworks */,
			);
			sourceTree = "<group>";
		};
		C30D666927587EFE007E7FE7 /* Products */ = {
			isa = PBXGroup;
			children = (
				C30D666827587EFE007E7FE7 /* CameraFilter.app */,
			);
			name = Products;
			sourceTree = "<group>";
		};
		C30D666A27587EFE007E7FE7 /* CameraFilter */ = {
			isa = PBXGroup;
			children = (
				C30D666B27587EFE007E7FE7 /* AppDelegate.swift */,
				C30D666D27587EFE007E7FE7 /* SceneDelegate.swift */,
				C30D6685275895B7007E7FE7 /* FilterService.swift */,
				C30D666F27587EFE007E7FE7 /* ViewController.swift */,
				C30D667F2758800E007E7FE7 /* PhotosCollectionViewController.swift */,
				C30D66832758870A007E7FE7 /* PhotosCollectionViewCell.swift */,
				C30D667127587EFE007E7FE7 /* Main.storyboard */,
				C30D667427587F02007E7FE7 /* Assets.xcassets */,
				C30D667627587F02007E7FE7 /* LaunchScreen.storyboard */,
				C30D667927587F02007E7FE7 /* Info.plist */,
			);
			path = CameraFilter;
			sourceTree = "<group>";
		};
/* End PBXGroup section */

/* Begin PBXNativeTarget section */
		C30D666727587EFE007E7FE7 /* CameraFilter */ = {
			isa = PBXNativeTarget;
			buildConfigurationList = C30D667C27587F02007E7FE7 /* Build configuration list for PBXNativeTarget "CameraFilter" */;
			buildPhases = (
				4954D6DB755F22DC886D5F4B /* [CP] Check Pods Manifest.lock */,
				C30D666427587EFE007E7FE7 /* Sources */,
				C30D666527587EFE007E7FE7 /* Frameworks */,
				C30D666627587EFE007E7FE7 /* Resources */,
				56B76E94DCD090B6ABF46E38 /* [CP] Embed Pods Frameworks */,
			);
			buildRules = (
			);
			dependencies = (
			);
			name = CameraFilter;
			productName = CameraFilter;
			productReference = C30D666827587EFE007E7FE7 /* CameraFilter.app */;
			productType = "com.apple.product-type.application";
		};
/* End PBXNativeTarget section */

/* Begin PBXProject section */
		C30D666027587EFE007E7FE7 /* Project object */ = {
			isa = PBXProject;
			attributes = {
				BuildIndependentTargetsInParallel = 1;
				LastSwiftUpdateCheck = 1310;
				LastUpgradeCheck = 1310;
				TargetAttributes = {
					C30D666727587EFE007E7FE7 = {
						CreatedOnToolsVersion = 13.1;
					};
				};
			};
			buildConfigurationList = C30D666327587EFE007E7FE7 /* Build configuration list for PBXProject "CameraFilter" */;
			compatibilityVersion = "Xcode 13.0";
			developmentRegion = en;
			hasScannedForEncodings = 0;
			knownRegions = (
				en,
				Base,
			);
			mainGroup = C30D665F27587EFE007E7FE7;
			productRefGroup = C30D666927587EFE007E7FE7 /* Products */;
			projectDirPath = "";
			projectRoot = "";
			targets = (
				C30D666727587EFE007E7FE7 /* CameraFilter */,
			);
		};
/* End PBXProject section */

/* Begin PBXResourcesBuildPhase section */
		C30D666627587EFE007E7FE7 /* Resources */ = {
			isa = PBXResourcesBuildPhase;
			buildActionMask = 2147483647;
			files = (
				C30D667827587F02007E7FE7 /* LaunchScreen.storyboard in Resources */,
				C30D667527587F02007E7FE7 /* Assets.xcassets in Resources */,
				C30D667327587EFE007E7FE7 /* Main.storyboard in Resources */,
			);
			runOnlyForDeploymentPostprocessing = 0;
		};
/* End PBXResourcesBuildPhase section */

/* Begin PBXShellScriptBuildPhase section */
		4954D6DB755F22DC886D5F4B /* [CP] Check Pods Manifest.lock */ = {
			isa = PBXShellScriptBuildPhase;
			buildActionMask = 2147483647;
			files = (
			);
			inputFileListPaths = (
			);
			inputPaths = (
				"${PODS_PODFILE_DIR_PATH}/Podfile.lock",
				"${PODS_ROOT}/Manifest.lock",
			);
			name = "[CP] Check Pods Manifest.lock";
			outputFileListPaths = (
			);
			outputPaths = (
				"$(DERIVED_FILE_DIR)/Pods-CameraFilter-checkManifestLockResult.txt",
			);
			runOnlyForDeploymentPostprocessing = 0;
			shellPath = /bin/sh;
			shellScript = "diff \"${PODS_PODFILE_DIR_PATH}/Podfile.lock\" \"${PODS_ROOT}/Manifest.lock\" > /dev/null\nif [ $? != 0 ] ; then\n    # print error to STDERR\n    echo \"error: The sandbox is not in sync with the Podfile.lock. Run 'pod install' or update your CocoaPods installation.\" >&2\n    exit 1\nfi\n# This output is used by Xcode 'outputs' to avoid re-running this script phase.\necho \"SUCCESS\" > \"${SCRIPT_OUTPUT_FILE_0}\"\n";
			showEnvVarsInLog = 0;
		};
		56B76E94DCD090B6ABF46E38 /* [CP] Embed Pods Frameworks */ = {
			isa = PBXShellScriptBuildPhase;
			buildActionMask = 2147483647;
			files = (
			);
			inputFileListPaths = (
				"${PODS_ROOT}/Target Support Files/Pods-CameraFilter/Pods-CameraFilter-frameworks-${CONFIGURATION}-input-files.xcfilelist",
			);
			name = "[CP] Embed Pods Frameworks";
			outputFileListPaths = (
				"${PODS_ROOT}/Target Support Files/Pods-CameraFilter/Pods-CameraFilter-frameworks-${CONFIGURATION}-output-files.xcfilelist",
			);
			runOnlyForDeploymentPostprocessing = 0;
			shellPath = /bin/sh;
			shellScript = "\"${PODS_ROOT}/Target Support Files/Pods-CameraFilter/Pods-CameraFilter-frameworks.sh\"\n";
			showEnvVarsInLog = 0;
		};
/* End PBXShellScriptBuildPhase section */

/* Begin PBXSourcesBuildPhase section */
		C30D666427587EFE007E7FE7 /* Sources */ = {
			isa = PBXSourcesBuildPhase;
			buildActionMask = 2147483647;
			files = (
				C30D667027587EFE007E7FE7 /* ViewController.swift in Sources */,
				C30D66842758870A007E7FE7 /* PhotosCollectionViewCell.swift in Sources */,
				C30D666C27587EFE007E7FE7 /* AppDelegate.swift in Sources */,
				C30D6686275895B7007E7FE7 /* FilterService.swift in Sources */,
				C30D666E27587EFE007E7FE7 /* SceneDelegate.swift in Sources */,
				C30D66802758800E007E7FE7 /* PhotosCollectionViewController.swift in Sources */,
			);
			runOnlyForDeploymentPostprocessing = 0;
		};
/* End PBXSourcesBuildPhase section */

/* Begin PBXVariantGroup section */
		C30D667127587EFE007E7FE7 /* Main.storyboard */ = {
			isa = PBXVariantGroup;
			children = (
				C30D667227587EFE007E7FE7 /* Base */,
			);
			name = Main.storyboard;
			sourceTree = "<group>";
		};
		C30D667627587F02007E7FE7 /* LaunchScreen.storyboard */ = {
			isa = PBXVariantGroup;
			children = (
				C30D667727587F02007E7FE7 /* Base */,
			);
			name = LaunchScreen.storyboard;
			sourceTree = "<group>";
		};
/* End PBXVariantGroup section */

/* Begin XCBuildConfiguration section */
		C30D667A27587F02007E7FE7 /* Debug */ = {
			isa = XCBuildConfiguration;
			buildSettings = {
				ALWAYS_SEARCH_USER_PATHS = NO;
				CLANG_ANALYZER_NONNULL = YES;
				CLANG_ANALYZER_NUMBER_OBJECT_CONVERSION = YES_AGGRESSIVE;
				CLANG_CXX_LANGUAGE_STANDARD = "gnu++17";
				CLANG_CXX_LIBRARY = "libc++";
				CLANG_ENABLE_MODULES = YES;
				CLANG_ENABLE_OBJC_ARC = YES;
				CLANG_ENABLE_OBJC_WEAK = YES;
				CLANG_WARN_BLOCK_CAPTURE_AUTORELEASING = YES;
				CLANG_WARN_BOOL_CONVERSION = YES;
				CLANG_WARN_COMMA = YES;
				CLANG_WARN_CONSTANT_CONVERSION = YES;
				CLANG_WARN_DEPRECATED_OBJC_IMPLEMENTATIONS = YES;
				CLANG_WARN_DIRECT_OBJC_ISA_USAGE = YES_ERROR;
				CLANG_WARN_DOCUMENTATION_COMMENTS = YES;
				CLANG_WARN_EMPTY_BODY = YES;
				CLANG_WARN_ENUM_CONVERSION = YES;
				CLANG_WARN_INFINITE_RECURSION = YES;
				CLANG_WARN_INT_CONVERSION = YES;
				CLANG_WARN_NON_LITERAL_NULL_CONVERSION = YES;
				CLANG_WARN_OBJC_IMPLICIT_RETAIN_SELF = YES;
				CLANG_WARN_OBJC_LITERAL_CONVERSION = YES;
				CLANG_WARN_OBJC_ROOT_CLASS = YES_ERROR;
				CLANG_WARN_QUOTED_INCLUDE_IN_FRAMEWORK_HEADER = YES;
				CLANG_WARN_RANGE_LOOP_ANALYSIS = YES;
				CLANG_WARN_STRICT_PROTOTYPES = YES;
				CLANG_WARN_SUSPICIOUS_MOVE = YES;
				CLANG_WARN_UNGUARDED_AVAILABILITY = YES_AGGRESSIVE;
				CLANG_WARN_UNREACHABLE_CODE = YES;
				CLANG_WARN__DUPLICATE_METHOD_MATCH = YES;
				COPY_PHASE_STRIP = NO;
				DEBUG_INFORMATION_FORMAT = dwarf;
				ENABLE_STRICT_OBJC_MSGSEND = YES;
				ENABLE_TESTABILITY = YES;
				GCC_C_LANGUAGE_STANDARD = gnu11;
				GCC_DYNAMIC_NO_PIC = NO;
				GCC_NO_COMMON_BLOCKS = YES;
				GCC_OPTIMIZATION_LEVEL = 0;
				GCC_PREPROCESSOR_DEFINITIONS = (
					"DEBUG=1",
					"$(inherited)",
				);
				GCC_WARN_64_TO_32_BIT_CONVERSION = YES;
				GCC_WARN_ABOUT_RETURN_TYPE = YES_ERROR;
				GCC_WARN_UNDECLARED_SELECTOR = YES;
				GCC_WARN_UNINITIALIZED_AUTOS = YES_AGGRESSIVE;
				GCC_WARN_UNUSED_FUNCTION = YES;
				GCC_WARN_UNUSED_VARIABLE = YES;
				IPHONEOS_DEPLOYMENT_TARGET = 15.0;
				MTL_ENABLE_DEBUG_INFO = INCLUDE_SOURCE;
				MTL_FAST_MATH = YES;
				ONLY_ACTIVE_ARCH = YES;
				SDKROOT = iphoneos;
				SWIFT_ACTIVE_COMPILATION_CONDITIONS = DEBUG;
				SWIFT_OPTIMIZATION_LEVEL = "-Onone";
			};
			name = Debug;
		};
		C30D667B27587F02007E7FE7 /* Release */ = {
			isa = XCBuildConfiguration;
			buildSettings = {
				ALWAYS_SEARCH_USER_PATHS = NO;
				CLANG_ANALYZER_NONNULL = YES;
				CLANG_ANALYZER_NUMBER_OBJECT_CONVERSION = YES_AGGRESSIVE;
				CLANG_CXX_LANGUAGE_STANDARD = "gnu++17";
				CLANG_CXX_LIBRARY = "libc++";
				CLANG_ENABLE_MODULES = YES;
				CLANG_ENABLE_OBJC_ARC = YES;
				CLANG_ENABLE_OBJC_WEAK = YES;
				CLANG_WARN_BLOCK_CAPTURE_AUTORELEASING = YES;
				CLANG_WARN_BOOL_CONVERSION = YES;
				CLANG_WARN_COMMA = YES;
				CLANG_WARN_CONSTANT_CONVERSION = YES;
				CLANG_WARN_DEPRECATED_OBJC_IMPLEMENTATIONS = YES;
				CLANG_WARN_DIRECT_OBJC_ISA_USAGE = YES_ERROR;
				CLANG_WARN_DOCUMENTATION_COMMENTS = YES;
				CLANG_WARN_EMPTY_BODY = YES;
				CLANG_WARN_ENUM_CONVERSION = YES;
				CLANG_WARN_INFINITE_RECURSION = YES;
				CLANG_WARN_INT_CONVERSION = YES;
				CLANG_WARN_NON_LITERAL_NULL_CONVERSION = YES;
				CLANG_WARN_OBJC_IMPLICIT_RETAIN_SELF = YES;
				CLANG_WARN_OBJC_LITERAL_CONVERSION = YES;
				CLANG_WARN_OBJC_ROOT_CLASS = YES_ERROR;
				CLANG_WARN_QUOTED_INCLUDE_IN_FRAMEWORK_HEADER = YES;
				CLANG_WARN_RANGE_LOOP_ANALYSIS = YES;
				CLANG_WARN_STRICT_PROTOTYPES = YES;
				CLANG_WARN_SUSPICIOUS_MOVE = YES;
				CLANG_WARN_UNGUARDED_AVAILABILITY = YES_AGGRESSIVE;
				CLANG_WARN_UNREACHABLE_CODE = YES;
				CLANG_WARN__DUPLICATE_METHOD_MATCH = YES;
				COPY_PHASE_STRIP = NO;
				DEBUG_INFORMATION_FORMAT = "dwarf-with-dsym";
				ENABLE_NS_ASSERTIONS = NO;
				ENABLE_STRICT_OBJC_MSGSEND = YES;
				GCC_C_LANGUAGE_STANDARD = gnu11;
				GCC_NO_COMMON_BLOCKS = YES;
				GCC_WARN_64_TO_32_BIT_CONVERSION = YES;
				GCC_WARN_ABOUT_RETURN_TYPE = YES_ERROR;
				GCC_WARN_UNDECLARED_SELECTOR = YES;
				GCC_WARN_UNINITIALIZED_AUTOS = YES_AGGRESSIVE;
				GCC_WARN_UNUSED_FUNCTION = YES;
				GCC_WARN_UNUSED_VARIABLE = YES;
				IPHONEOS_DEPLOYMENT_TARGET = 15.0;
				MTL_ENABLE_DEBUG_INFO = NO;
				MTL_FAST_MATH = YES;
				SDKROOT = iphoneos;
				SWIFT_COMPILATION_MODE = wholemodule;
				SWIFT_OPTIMIZATION_LEVEL = "-O";
				VALIDATE_PRODUCT = YES;
			};
			name = Release;
		};
		C30D667D27587F02007E7FE7 /* Debug */ = {
			isa = XCBuildConfiguration;
			baseConfigurationReference = DDE4DE7006163E172A2B4070 /* Pods-CameraFilter.debug.xcconfig */;
			buildSettings = {
				ASSETCATALOG_COMPILER_APPICON_NAME = AppIcon;
				ASSETCATALOG_COMPILER_GLOBAL_ACCENT_COLOR_NAME = AccentColor;
				CODE_SIGN_STYLE = Automatic;
				CURRENT_PROJECT_VERSION = 1;
				GENERATE_INFOPLIST_FILE = YES;
				INFOPLIST_FILE = CameraFilter/Info.plist;
				INFOPLIST_KEY_UIApplicationSupportsIndirectInputEvents = YES;
				INFOPLIST_KEY_UILaunchStoryboardName = LaunchScreen;
				INFOPLIST_KEY_UIMainStoryboardFile = Main;
				INFOPLIST_KEY_UISupportedInterfaceOrientations_iPad = "UIInterfaceOrientationPortrait UIInterfaceOrientationPortraitUpsideDown UIInterfaceOrientationLandscapeLeft UIInterfaceOrientationLandscapeRight";
				INFOPLIST_KEY_UISupportedInterfaceOrientations_iPhone = "UIInterfaceOrientationPortrait UIInterfaceOrientationLandscapeLeft UIInterfaceOrientationLandscapeRight";
				LD_RUNPATH_SEARCH_PATHS = (
					"$(inherited)",
					"@executable_path/Frameworks",
				);
				MARKETING_VERSION = 1.0;
				PRODUCT_BUNDLE_IDENTIFIER = soo.CameraFilter;
				PRODUCT_NAME = "$(TARGET_NAME)";
				SWIFT_EMIT_LOC_STRINGS = YES;
				SWIFT_VERSION = 5.0;
				TARGETED_DEVICE_FAMILY = "1,2";
			};
			name = Debug;
		};
		C30D667E27587F02007E7FE7 /* Release */ = {
			isa = XCBuildConfiguration;
			baseConfigurationReference = BA571313B736ECCEF83FC3AE /* Pods-CameraFilter.release.xcconfig */;
			buildSettings = {
				ASSETCATALOG_COMPILER_APPICON_NAME = AppIcon;
				ASSETCATALOG_COMPILER_GLOBAL_ACCENT_COLOR_NAME = AccentColor;
				CODE_SIGN_STYLE = Automatic;
				CURRENT_PROJECT_VERSION = 1;
				GENERATE_INFOPLIST_FILE = YES;
				INFOPLIST_FILE = CameraFilter/Info.plist;
				INFOPLIST_KEY_UIApplicationSupportsIndirectInputEvents = YES;
				INFOPLIST_KEY_UILaunchStoryboardName = LaunchScreen;
				INFOPLIST_KEY_UIMainStoryboardFile = Main;
				INFOPLIST_KEY_UISupportedInterfaceOrientations_iPad = "UIInterfaceOrientationPortrait UIInterfaceOrientationPortraitUpsideDown UIInterfaceOrientationLandscapeLeft UIInterfaceOrientationLandscapeRight";
				INFOPLIST_KEY_UISupportedInterfaceOrientations_iPhone = "UIInterfaceOrientationPortrait UIInterfaceOrientationLandscapeLeft UIInterfaceOrientationLandscapeRight";
				LD_RUNPATH_SEARCH_PATHS = (
					"$(inherited)",
					"@executable_path/Frameworks",
				);
				MARKETING_VERSION = 1.0;
				PRODUCT_BUNDLE_IDENTIFIER = soo.CameraFilter;
				PRODUCT_NAME = "$(TARGET_NAME)";
				SWIFT_EMIT_LOC_STRINGS = YES;
				SWIFT_VERSION = 5.0;
				TARGETED_DEVICE_FAMILY = "1,2";
			};
			name = Release;
		};
/* End XCBuildConfiguration section */

/* Begin XCConfigurationList section */
		C30D666327587EFE007E7FE7 /* Build configuration list for PBXProject "CameraFilter" */ = {
			isa = XCConfigurationList;
			buildConfigurations = (
				C30D667A27587F02007E7FE7 /* Debug */,
				C30D667B27587F02007E7FE7 /* Release */,
			);
			defaultConfigurationIsVisible = 0;
			defaultConfigurationName = Release;
		};
		C30D667C27587F02007E7FE7 /* Build configuration list for PBXNativeTarget "CameraFilter" */ = {
			isa = XCConfigurationList;
			buildConfigurations = (
				C30D667D27587F02007E7FE7 /* Debug */,
				C30D667E27587F02007E7FE7 /* Release */,
			);
			defaultConfigurationIsVisible = 0;
			defaultConfigurationName = Release;
		};
/* End XCConfigurationList section */
	};
	rootObject = C30D666027587EFE007E7FE7 /* Project object */;
}
